
Microsoft Visual Studio Solution File, Format Version 12.00
# Visual Studio 15
VisualStudioVersion = 15.0.28307.271
MinimumVisualStudioVersion = 10.0.40219.1
Project("{FAE04EC0-301F-11D3-BF4B-00C04F79EFBC}") = "AbstractRepairPlumbingOrderModel", "AbstractRepairPlumbingOrderModel\AbstractRepairPlumbingOrderModel.csproj", "{21DA7A61-E6FA-40D3-81D8-803309B5F809}"
EndProject
Project("{FAE04EC0-301F-11D3-BF4B-00C04F79EFBC}") = "AbdtractRepairPlumbingServiceDAL", "AbstractRepairPlumbingServiceDAL\AbdtractRepairPlumbingServiceDAL.csproj", "{5230BD71-1E0A-4294-AE1C-6933B964A12B}"
EndProject
Project("{FAE04EC0-301F-11D3-BF4B-00C04F79EFBC}") = "AbstractRepairPlumbingOrderServiceImplementList", "AbstractRepairPlumbingOrderServiceImplementList\AbstractRepairPlumbingOrderServiceImplementList.csproj", "{592EF905-F058-4972-BCA4-10514385F1C1}"
EndProject
Project("{FAE04EC0-301F-11D3-BF4B-00C04F79EFBC}") = "RepairPlumbingView", "RepairPlumbingView\RepairPlumbingView.csproj", "{D030D989-1CBC-41F0-B540-8DFD4E716C8A}"
EndProject
Project("{FAE04EC0-301F-11D3-BF4B-00C04F79EFBC}") = "AbstractRepairPlumbingServiceImplementDataBase", "AbstractRepairPlumbingServiceImplementDataBase\AbstractRepairPlumbingServiceImplementDataBase.csproj", "{B0EE48B7-8D49-40FB-9C44-5D7D1B8B0028}"
EndProject
Project("{FAE04EC0-301F-11D3-BF4B-00C04F79EFBC}") = "AbstractRepairPlumbingRestApi", "AbstractRepairPlumbingRestApi\AbstractRepairPlumbingRestApi.csproj", "{BE869723-DD7E-4C61-B85A-05E1042FA6D8}"
EndProject
Global
	GlobalSection(SolutionConfigurationPlatforms) = preSolution
		Debug|Any CPU = Debug|Any CPU
		Release|Any CPU = Release|Any CPU
	EndGlobalSection
	GlobalSection(ProjectConfigurationPlatforms) = postSolution
		{21DA7A61-E6FA-40D3-81D8-803309B5F809}.Debug|Any CPU.ActiveCfg = Debug|Any CPU
		{21DA7A61-E6FA-40D3-81D8-803309B5F809}.Debug|Any CPU.Build.0 = Debug|Any CPU
		{21DA7A61-E6FA-40D3-81D8-803309B5F809}.Release|Any CPU.ActiveCfg = Release|Any CPU
		{21DA7A61-E6FA-40D3-81D8-803309B5F809}.Release|Any CPU.Build.0 = Release|Any CPU
		{5230BD71-1E0A-4294-AE1C-6933B964A12B}.Debug|Any CPU.ActiveCfg = Debug|Any CPU
		{5230BD71-1E0A-4294-AE1C-6933B964A12B}.Debug|Any CPU.Build.0 = Debug|Any CPU
		{5230BD71-1E0A-4294-AE1C-6933B964A12B}.Release|Any CPU.ActiveCfg = Release|Any CPU
		{5230BD71-1E0A-4294-AE1C-6933B964A12B}.Release|Any CPU.Build.0 = Release|Any CPU
		{592EF905-F058-4972-BCA4-10514385F1C1}.Debug|Any CPU.ActiveCfg = Debug|Any CPU
		{592EF905-F058-4972-BCA4-10514385F1C1}.Debug|Any CPU.Build.0 = Debug|Any CPU
		{592EF905-F058-4972-BCA4-10514385F1C1}.Release|Any CPU.ActiveCfg = Release|Any CPU
		{592EF905-F058-4972-BCA4-10514385F1C1}.Release|Any CPU.Build.0 = Release|Any CPU
		{D030D989-1CBC-41F0-B540-8DFD4E716C8A}.Debug|Any CPU.ActiveCfg = Debug|Any CPU
		{D030D989-1CBC-41F0-B540-8DFD4E716C8A}.Debug|Any CPU.Build.0 = Debug|Any CPU
		{D030D989-1CBC-41F0-B540-8DFD4E716C8A}.Release|Any CPU.ActiveCfg = Release|Any CPU
		{D030D989-1CBC-41F0-B540-8DFD4E716C8A}.Release|Any CPU.Build.0 = Release|Any CPU
		{B0EE48B7-8D49-40FB-9C44-5D7D1B8B0028}.Debug|Any CPU.ActiveCfg = Debug|Any CPU
		{B0EE48B7-8D49-40FB-9C44-5D7D1B8B0028}.Debug|Any CPU.Build.0 = Debug|Any CPU
		{B0EE48B7-8D49-40FB-9C44-5D7D1B8B0028}.Release|Any CPU.ActiveCfg = Release|Any CPU
		{B0EE48B7-8D49-40FB-9C44-5D7D1B8B0028}.Release|Any CPU.Build.0 = Release|Any CPU
		{BE869723-DD7E-4C61-B85A-05E1042FA6D8}.Debug|Any CPU.ActiveCfg = Debug|Any CPU
		{BE869723-DD7E-4C61-B85A-05E1042FA6D8}.Debug|Any CPU.Build.0 = Debug|Any CPU
		{BE869723-DD7E-4C61-B85A-05E1042FA6D8}.Release|Any CPU.ActiveCfg = Release|Any CPU
		{BE869723-DD7E-4C61-B85A-05E1042FA6D8}.Release|Any CPU.Build.0 = Release|Any CPU
	EndGlobalSection
	GlobalSection(SolutionProperties) = preSolution
		HideSolutionNode = FALSE
	EndGlobalSection
	GlobalSection(ExtensibilityGlobals) = postSolution
		SolutionGuid = {DE2B26B3-A855-4A09-9849-10892271F8B9}
	EndGlobalSection
EndGlobal
